
Microsoft Visual Studio Solution File, Format Version 12.00
# Visual Studio Version 17
VisualStudioVersion = 17.5.002.0
MinimumVisualStudioVersion = 10.0.40219.1
Project("{9A19103F-16F7-4668-BE54-9A1E7A4F7556}") = "DocOffice.Tests", "DocOffice.Tests\DocOffice.Tests.csproj", "{C8CB3E71-E07B-4EE3-A0AD-5EB89CDA9AB7}"
EndProject
Project("{9A19103F-16F7-4668-BE54-9A1E7A4F7556}") = "DocOffice", "DocOffice\DocOffice.csproj", "{6FC51D3E-3CA5-4830-897F-575E60CB96FE}"
EndProject
Global
	GlobalSection(SolutionConfigurationPlatforms) = preSolution
		Debug|Any CPU = Debug|Any CPU
		Release|Any CPU = Release|Any CPU
	EndGlobalSection
	GlobalSection(ProjectConfigurationPlatforms) = postSolution
		{C8CB3E71-E07B-4EE3-A0AD-5EB89CDA9AB7}.Debug|Any CPU.ActiveCfg = Debug|Any CPU
		{C8CB3E71-E07B-4EE3-A0AD-5EB89CDA9AB7}.Debug|Any CPU.Build.0 = Debug|Any CPU
		{C8CB3E71-E07B-4EE3-A0AD-5EB89CDA9AB7}.Release|Any CPU.ActiveCfg = Release|Any CPU
		{C8CB3E71-E07B-4EE3-A0AD-5EB89CDA9AB7}.Release|Any CPU.Build.0 = Release|Any CPU
		{6FC51D3E-3CA5-4830-897F-575E60CB96FE}.Debug|Any CPU.ActiveCfg = Debug|Any CPU
		{6FC51D3E-3CA5-4830-897F-575E60CB96FE}.Debug|Any CPU.Build.0 = Debug|Any CPU
		{6FC51D3E-3CA5-4830-897F-575E60CB96FE}.Release|Any CPU.ActiveCfg = Release|Any CPU
		{6FC51D3E-3CA5-4830-897F-575E60CB96FE}.Release|Any CPU.Build.0 = Release|Any CPU
	EndGlobalSection
	GlobalSection(SolutionProperties) = preSolution
		HideSolutionNode = FALSE
	EndGlobalSection
	GlobalSection(ExtensibilityGlobals) = postSolution
		SolutionGuid = {8ED11ED1-33F5-45B8-A83C-840FFA7C14B0}
	EndGlobalSection
EndGlobal
